
Microsoft Visual Studio Solution File, Format Version 12.00
# Visual Studio Version 17
VisualStudioVersion = 17.0.31903.59
MinimumVisualStudioVersion = 10.0.40219.1
Project("{FAE04EC0-301F-11D3-BF4B-00C04F79EFBC}") = "RealTimeReporting.API", "RealTimeReporting.API\RealTimeReporting.API.csproj", "{3DDD2014-8DB3-4BA8-B53E-F7FE44AD7F9E}"
EndProject
Project("{FAE04EC0-301F-11D3-BF4B-00C04F79EFBC}") = "RealTimeReporting.Domain", "RealTimeReporting.Domain\RealTimeReporting.Domain.csproj", "{039C5D3D-6AB3-4A8A-A006-0702A50621E5}"
EndProject
Project("{FAE04EC0-301F-11D3-BF4B-00C04F79EFBC}") = "RealTimeReporting.Application", "RealTimeReporting.Application\RealTimeReporting.Application.csproj", "{8313800F-E834-4EEB-A892-9E3F1ED48163}"
EndProject
Project("{FAE04EC0-301F-11D3-BF4B-00C04F79EFBC}") = "RealTimeReporting.Infrastructure", "RealTimeReporting.Infrastructure\RealTimeReporting.Infrastructure.csproj", "{C0AAED08-2CA9-4FAE-988E-F9707E9E6100}"
EndProject
Project("{FAE04EC0-301F-11D3-BF4B-00C04F79EFBC}") = "RealTimeReporting.Jobs", "RealTimeReporting.Jobs\RealTimeReporting.Jobs.csproj", "{B312D88C-78F4-419C-B7D6-45FC76CEEBC4}"
EndProject
Project("{FAE04EC0-301F-11D3-BF4B-00C04F79EFBC}") = "RealTimeReporting.Tests", "RealTimeReporting.Tests\RealTimeReporting.Tests.csproj", "{672E3CC6-5717-4C67-95B7-6B96639AB603}"
EndProject
Global
	GlobalSection(SolutionConfigurationPlatforms) = preSolution
		Debug|Any CPU = Debug|Any CPU
		Debug|x64 = Debug|x64
		Debug|x86 = Debug|x86
		Release|Any CPU = Release|Any CPU
		Release|x64 = Release|x64
		Release|x86 = Release|x86
	EndGlobalSection
	GlobalSection(ProjectConfigurationPlatforms) = postSolution
		{3DDD2014-8DB3-4BA8-B53E-F7FE44AD7F9E}.Debug|Any CPU.ActiveCfg = Debug|Any CPU
		{3DDD2014-8DB3-4BA8-B53E-F7FE44AD7F9E}.Debug|Any CPU.Build.0 = Debug|Any CPU
		{3DDD2014-8DB3-4BA8-B53E-F7FE44AD7F9E}.Debug|x64.ActiveCfg = Debug|Any CPU
		{3DDD2014-8DB3-4BA8-B53E-F7FE44AD7F9E}.Debug|x64.Build.0 = Debug|Any CPU
		{3DDD2014-8DB3-4BA8-B53E-F7FE44AD7F9E}.Debug|x86.ActiveCfg = Debug|Any CPU
		{3DDD2014-8DB3-4BA8-B53E-F7FE44AD7F9E}.Debug|x86.Build.0 = Debug|Any CPU
		{3DDD2014-8DB3-4BA8-B53E-F7FE44AD7F9E}.Release|Any CPU.ActiveCfg = Release|Any CPU
		{3DDD2014-8DB3-4BA8-B53E-F7FE44AD7F9E}.Release|Any CPU.Build.0 = Release|Any CPU
		{3DDD2014-8DB3-4BA8-B53E-F7FE44AD7F9E}.Release|x64.ActiveCfg = Release|Any CPU
		{3DDD2014-8DB3-4BA8-B53E-F7FE44AD7F9E}.Release|x64.Build.0 = Release|Any CPU
		{3DDD2014-8DB3-4BA8-B53E-F7FE44AD7F9E}.Release|x86.ActiveCfg = Release|Any CPU
		{3DDD2014-8DB3-4BA8-B53E-F7FE44AD7F9E}.Release|x86.Build.0 = Release|Any CPU
		{039C5D3D-6AB3-4A8A-A006-0702A50621E5}.Debug|Any CPU.ActiveCfg = Debug|Any CPU
		{039C5D3D-6AB3-4A8A-A006-0702A50621E5}.Debug|Any CPU.Build.0 = Debug|Any CPU
		{039C5D3D-6AB3-4A8A-A006-0702A50621E5}.Debug|x64.ActiveCfg = Debug|Any CPU
		{039C5D3D-6AB3-4A8A-A006-0702A50621E5}.Debug|x64.Build.0 = Debug|Any CPU
		{039C5D3D-6AB3-4A8A-A006-0702A50621E5}.Debug|x86.ActiveCfg = Debug|Any CPU
		{039C5D3D-6AB3-4A8A-A006-0702A50621E5}.Debug|x86.Build.0 = Debug|Any CPU
		{039C5D3D-6AB3-4A8A-A006-0702A50621E5}.Release|Any CPU.ActiveCfg = Release|Any CPU
		{039C5D3D-6AB3-4A8A-A006-0702A50621E5}.Release|Any CPU.Build.0 = Release|Any CPU
		{039C5D3D-6AB3-4A8A-A006-0702A50621E5}.Release|x64.ActiveCfg = Release|Any CPU
		{039C5D3D-6AB3-4A8A-A006-0702A50621E5}.Release|x64.Build.0 = Release|Any CPU
		{039C5D3D-6AB3-4A8A-A006-0702A50621E5}.Release|x86.ActiveCfg = Release|Any CPU
		{039C5D3D-6AB3-4A8A-A006-0702A50621E5}.Release|x86.Build.0 = Release|Any CPU
		{8313800F-E834-4EEB-A892-9E3F1ED48163}.Debug|Any CPU.ActiveCfg = Debug|Any CPU
		{8313800F-E834-4EEB-A892-9E3F1ED48163}.Debug|Any CPU.Build.0 = Debug|Any CPU
		{8313800F-E834-4EEB-A892-9E3F1ED48163}.Debug|x64.ActiveCfg = Debug|Any CPU
		{8313800F-E834-4EEB-A892-9E3F1ED48163}.Debug|x64.Build.0 = Debug|Any CPU
		{8313800F-E834-4EEB-A892-9E3F1ED48163}.Debug|x86.ActiveCfg = Debug|Any CPU
		{8313800F-E834-4EEB-A892-9E3F1ED48163}.Debug|x86.Build.0 = Debug|Any CPU
		{8313800F-E834-4EEB-A892-9E3F1ED48163}.Release|Any CPU.ActiveCfg = Release|Any CPU
		{8313800F-E834-4EEB-A892-9E3F1ED48163}.Release|Any CPU.Build.0 = Release|Any CPU
		{8313800F-E834-4EEB-A892-9E3F1ED48163}.Release|x64.ActiveCfg = Release|Any CPU
		{8313800F-E834-4EEB-A892-9E3F1ED48163}.Release|x64.Build.0 = Release|Any CPU
		{8313800F-E834-4EEB-A892-9E3F1ED48163}.Release|x86.ActiveCfg = Release|Any CPU
		{8313800F-E834-4EEB-A892-9E3F1ED48163}.Release|x86.Build.0 = Release|Any CPU
		{C0AAED08-2CA9-4FAE-988E-F9707E9E6100}.Debug|Any CPU.ActiveCfg = Debug|Any CPU
		{C0AAED08-2CA9-4FAE-988E-F9707E9E6100}.Debug|Any CPU.Build.0 = Debug|Any CPU
		{C0AAED08-2CA9-4FAE-988E-F9707E9E6100}.Debug|x64.ActiveCfg = Debug|Any CPU
		{C0AAED08-2CA9-4FAE-988E-F9707E9E6100}.Debug|x64.Build.0 = Debug|Any CPU
		{C0AAED08-2CA9-4FAE-988E-F9707E9E6100}.Debug|x86.ActiveCfg = Debug|Any CPU
		{C0AAED08-2CA9-4FAE-988E-F9707E9E6100}.Debug|x86.Build.0 = Debug|Any CPU
		{C0AAED08-2CA9-4FAE-988E-F9707E9E6100}.Release|Any CPU.ActiveCfg = Release|Any CPU
		{C0AAED08-2CA9-4FAE-988E-F9707E9E6100}.Release|Any CPU.Build.0 = Release|Any CPU
		{C0AAED08-2CA9-4FAE-988E-F9707E9E6100}.Release|x64.ActiveCfg = Release|Any CPU
		{C0AAED08-2CA9-4FAE-988E-F9707E9E6100}.Release|x64.Build.0 = Release|Any CPU
		{C0AAED08-2CA9-4FAE-988E-F9707E9E6100}.Release|x86.ActiveCfg = Release|Any CPU
		{C0AAED08-2CA9-4FAE-988E-F9707E9E6100}.Release|x86.Build.0 = Release|Any CPU
		{B312D88C-78F4-419C-B7D6-45FC76CEEBC4}.Debug|Any CPU.ActiveCfg = Debug|Any CPU
		{B312D88C-78F4-419C-B7D6-45FC76CEEBC4}.Debug|Any CPU.Build.0 = Debug|Any CPU
		{B312D88C-78F4-419C-B7D6-45FC76CEEBC4}.Debug|x64.ActiveCfg = Debug|Any CPU
		{B312D88C-78F4-419C-B7D6-45FC76CEEBC4}.Debug|x64.Build.0 = Debug|Any CPU
		{B312D88C-78F4-419C-B7D6-45FC76CEEBC4}.Debug|x86.ActiveCfg = Debug|Any CPU
		{B312D88C-78F4-419C-B7D6-45FC76CEEBC4}.Debug|x86.Build.0 = Debug|Any CPU
		{B312D88C-78F4-419C-B7D6-45FC76CEEBC4}.Release|Any CPU.ActiveCfg = Release|Any CPU
		{B312D88C-78F4-419C-B7D6-45FC76CEEBC4}.Release|Any CPU.Build.0 = Release|Any CPU
		{B312D88C-78F4-419C-B7D6-45FC76CEEBC4}.Release|x64.ActiveCfg = Release|Any CPU
		{B312D88C-78F4-419C-B7D6-45FC76CEEBC4}.Release|x64.Build.0 = Release|Any CPU
		{B312D88C-78F4-419C-B7D6-45FC76CEEBC4}.Release|x86.ActiveCfg = Release|Any CPU
		{B312D88C-78F4-419C-B7D6-45FC76CEEBC4}.Release|x86.Build.0 = Release|Any CPU
		{672E3CC6-5717-4C67-95B7-6B96639AB603}.Debug|Any CPU.ActiveCfg = Debug|Any CPU
		{672E3CC6-5717-4C67-95B7-6B96639AB603}.Debug|Any CPU.Build.0 = Debug|Any CPU
		{672E3CC6-5717-4C67-95B7-6B96639AB603}.Debug|x64.ActiveCfg = Debug|Any CPU
		{672E3CC6-5717-4C67-95B7-6B96639AB603}.Debug|x64.Build.0 = Debug|Any CPU
		{672E3CC6-5717-4C67-95B7-6B96639AB603}.Debug|x86.ActiveCfg = Debug|Any CPU
		{672E3CC6-5717-4C67-95B7-6B96639AB603}.Debug|x86.Build.0 = Debug|Any CPU
		{672E3CC6-5717-4C67-95B7-6B96639AB603}.Release|Any CPU.ActiveCfg = Release|Any CPU
		{672E3CC6-5717-4C67-95B7-6B96639AB603}.Release|Any CPU.Build.0 = Release|Any CPU
		{672E3CC6-5717-4C67-95B7-6B96639AB603}.Release|x64.ActiveCfg = Release|Any CPU
		{672E3CC6-5717-4C67-95B7-6B96639AB603}.Release|x64.Build.0 = Release|Any CPU
		{672E3CC6-5717-4C67-95B7-6B96639AB603}.Release|x86.ActiveCfg = Release|Any CPU
		{672E3CC6-5717-4C67-95B7-6B96639AB603}.Release|x86.Build.0 = Release|Any CPU
	EndGlobalSection
	GlobalSection(SolutionProperties) = preSolution
		HideSolutionNode = FALSE
	EndGlobalSection
EndGlobal
